dependencies:
  '@azure/identity': 1.0.3
  '@azure/keyvault-certificates': 4.0.0
  '@types/node': 14.0.1
  await-spawn: 3.0.0
  chokidar: 3.4.0
  esm: 3.2.25
  fs-extra: 9.0.0
  log4js: 6.2.1
lockfileVersion: 5.1
packages:
  /@azure/abort-controller/1.0.1:
    dependencies:
      tslib: 1.12.0
    dev: false
    resolution:
      integrity: sha512-wP2Jw6uPp8DEDy0n4KNidvwzDjyVV2xnycEIq7nPzj1rHyb/r+t3OPeNT1INZePP2wy5ZqlwyuyOMTi0ePyY1A==
  /@azure/core-asynciterator-polyfill/1.0.0:
    dev: false
    resolution:
      integrity: sha512-kmv8CGrPfN9SwMwrkiBK9VTQYxdFQEGe0BmQk+M8io56P9KNzpAxcWE/1fxJj7uouwN4kXF0BHW8DNlgx+wtCg==
  /@azure/core-auth/1.1.2:
    dependencies:
      '@azure/abort-controller': 1.0.1
      '@azure/core-tracing': 1.0.0-preview.8
      '@opentelemetry/api': 0.6.1
      tslib: 1.12.0
    dev: false
    resolution:
      integrity: sha512-IUbP/f3v96dpHgXUwsAjUwDzjlUjawyUhWhGKKB6Qxy+iqppC/pVBPyc6kdpyTe7H30HN+4H3f0lar7Wp9Hx6A==
  /@azure/core-http/1.1.2:
    dependencies:
      '@azure/abort-controller': 1.0.1
      '@azure/core-auth': 1.1.2
      '@azure/core-tracing': 1.0.0-preview.8
      '@azure/logger': 1.0.0
      '@opentelemetry/api': 0.6.1
      '@types/node-fetch': 2.5.7
      '@types/tunnel': 0.0.1
      cross-env: 6.0.3
      form-data: 3.0.0
      node-fetch: 2.6.0
      process: 0.11.10
      tough-cookie: 3.0.1
      tslib: 1.12.0
      tunnel: 0.0.6
      uuid: 3.4.0
      xml2js: 0.4.23
    dev: false
    resolution:
      integrity: sha512-xeZpTs6caBIrRipqZs70jgrA+mAFxII5XrBzbOCELPs18n4QWfchB20F94ITAk3GuFVDaSBsOhVL3GP1J+ncGg==
  /@azure/core-lro/1.0.2:
    dependencies:
      '@azure/abort-controller': 1.0.1
      '@azure/core-http': 1.1.2
      events: 3.1.0
      tslib: 1.12.0
    dev: false
    resolution:
      integrity: sha512-Yr0JD7GKryOmbcb5wHCQoQ4KCcH5QJWRNorofid+UvudLaxnbCfvKh/cUfQsGUqRjO9L/Bw4X7FP824DcHdMxw==
  /@azure/core-paging/1.1.1:
    dependencies:
      '@azure/core-asynciterator-polyfill': 1.0.0
    dev: false
    resolution:
      integrity: sha512-hqEJBEGKan4YdOaL9ZG/GRG6PXaFd/Wb3SSjQW4LWotZzgl6xqG00h6wmkrpd2NNkbBkD1erLHBO3lPHApv+iQ==
  /@azure/core-tracing/1.0.0-preview.7:
    dependencies:
      '@opencensus/web-types': 0.0.7
      '@opentelemetry/types': 0.2.0
      tslib: 1.12.0
    dev: false
    resolution:
      integrity: sha512-pkFCw6OiJrpR+aH1VQe6DYm3fK2KWCC5Jf3m/Pv1RxF08M1Xm08RCyQ5Qe0YyW5L16yYT2nnV48krVhYZ6SGFA==
  /@azure/core-tracing/1.0.0-preview.8:
    dependencies:
      '@opencensus/web-types': 0.0.7
      '@opentelemetry/api': 0.6.1
      tslib: 1.12.0
    dev: false
    resolution:
      integrity: sha512-ZKUpCd7Dlyfn7bdc+/zC/sf0aRIaNQMDuSj2RhYRFe3p70hVAnYGp3TX4cnG2yoEALp/LTj/XnZGQ8Xzf6Ja/Q==
  /@azure/identity/1.0.3:
    dependencies:
      '@azure/core-http': 1.1.2
      '@azure/core-tracing': 1.0.0-preview.7
      '@azure/logger': 1.0.0
      '@opentelemetry/types': 0.2.0
      events: 3.1.0
      jws: 3.2.2
      msal: 1.3.1
      qs: 6.9.4
      tslib: 1.12.0
      uuid: 3.4.0
    dev: false
    resolution:
      integrity: sha512-yWoOL3WjbD1sAYHdx4buFCGd9mCIHGzlTHgkhhLrmMpBztsfp9ejo5LRPYIV2Za4otfJzPL4kH/vnSLTS/4WYA==
  /@azure/keyvault-certificates/4.0.0:
    dependencies:
      '@azure/abort-controller': 1.0.1
      '@azure/core-http': 1.1.2
      '@azure/core-lro': 1.0.2
      '@azure/core-paging': 1.1.1
      '@azure/core-tracing': 1.0.0-preview.7
      '@azure/logger': 1.0.0
      '@opentelemetry/types': 0.2.0
      tslib: 1.12.0
    dev: false
    resolution:
      integrity: sha512-55sr46VFu8UyPS+DLCIdVqpDyXxHH+ZoyypWdmmqcNkXmIcAtp1GCHItTW6RLGFApq4HIJp3PkeOG5cKbF2K1w==
  /@azure/logger/1.0.0:
    dependencies:
      tslib: 1.12.0
    dev: false
    resolution:
      integrity: sha512-g2qLDgvmhyIxR3JVS8N67CyIOeFRKQlX/llxYJQr1OSGQqM3HTpVP8MjmjcEKbL/OIt2N9C9UFaNQuKOw1laOA==
  /@opencensus/web-types/0.0.7:
    dev: false
    engines:
      node: '>=6.0'
    resolution:
      integrity: sha512-xB+w7ZDAu3YBzqH44rCmG9/RlrOmFuDPt/bpf17eJr8eZSrLt7nc7LnWdxM9Mmoj/YKMHpxRg28txu3TcpiL+g==
  /@opentelemetry/api/0.6.1:
    dependencies:
      '@opentelemetry/context-base': 0.6.1
    dev: false
    engines:
      node: '>=8.0.0'
    resolution:
      integrity: sha512-wpufGZa7tTxw7eAsjXJtiyIQ42IWQdX9iUQp7ACJcKo1hCtuhLU+K2Nv1U6oRwT1oAlZTE6m4CgWKZBhOiau3Q==
  /@opentelemetry/context-base/0.6.1:
    dev: false
    engines:
      node: '>=8.0.0'
    resolution:
      integrity: sha512-5bHhlTBBq82ti3qPT15TRxkYTFPPQWbnkkQkmHPtqiS1XcTB69cEKd3Jm7Cfi/vkPoyxapmePE9tyA7EzLt8SQ==
  /@opentelemetry/types/0.2.0:
    deprecated: 'Package renamed to @opentelemetry/api, see https://github.com/open-telemetry/opentelemetry-js'
    dev: false
    engines:
      node: '>=8.0.0'
    resolution:
      integrity: sha512-GtwNB6BNDdsIPAYEdpp3JnOGO/3AJxjPvny53s3HERBdXSJTGQw8IRhiaTEX0b3w9P8+FwFZde4k+qkjn67aVw==
  /@types/node-fetch/2.5.7:
    dependencies:
      '@types/node': 14.0.1
      form-data: 3.0.0
    dev: false
    resolution:
      integrity: sha512-o2WVNf5UhWRkxlf6eq+jMZDu7kjgpgJfl4xVNlvryc95O/6F2ld8ztKX+qu+Rjyet93WAWm5LjeX9H5FGkODvw==
  /@types/node/14.0.1:
    dev: false
    resolution:
      integrity: sha512-FAYBGwC+W6F9+huFIDtn43cpy7+SzG+atzRiTfdp3inUKL2hXnd4rG8hylJLIh4+hqrQy1P17kvJByE/z825hA==
  /@types/tunnel/0.0.1:
    dependencies:
      '@types/node': 14.0.1
    dev: false
    resolution:
      integrity: sha512-AOqu6bQu5MSWwYvehMXLukFHnupHrpZ8nvgae5Ggie9UwzDR1CCwoXgSSWNZJuyOlCdfdsWMA5F2LlmvyoTv8A==
  /anymatch/3.1.1:
    dependencies:
      normalize-path: 3.0.0
      picomatch: 2.2.2
    dev: false
    engines:
      node: '>= 8'
    resolution:
      integrity: sha512-mM8522psRCqzV+6LhomX5wgp25YVibjh8Wj23I5RPkPppSVSjyKD2A2mBJmWGa+KN7f2D6LNh9jkBCeyLktzjg==
  /asynckit/0.4.0:
    dev: false
    resolution:
      integrity: sha1-x57Zf380y48robyXkLzDZkdLS3k=
  /at-least-node/1.0.0:
    dev: false
    engines:
      node: '>= 4.0.0'
    resolution:
      integrity: sha512-+q/t7Ekv1EDY2l6Gda6LLiX14rU9TV20Wa3ofeQmwPFZbOMo9DXrLbOjFaaclkXKWidIaopwAObQDqwWtGUjqg==
  /await-spawn/3.0.0:
    dependencies:
      bl: 3.0.0
    dev: false
    engines:
      node: '>=8'
    resolution:
      integrity: sha512-/ch6OPnDkfgOJCiMBrsB9LxuxcbXwBr+2hi38jRUMP5L4A7rMNWnBieU1h+wjivDxCCst67WVH7mL2Ysx5kxqQ==
  /binary-extensions/2.0.0:
    dev: false
    engines:
      node: '>=8'
    resolution:
      integrity: sha512-Phlt0plgpIIBOGTT/ehfFnbNlfsDEiqmzE2KRXoX1bLIlir4X/MR+zSyBEkL05ffWgnRSf/DXv+WrUAVr93/ow==
  /bl/3.0.0:
    dependencies:
      readable-stream: 3.6.0
    dev: false
    resolution:
      integrity: sha512-EUAyP5UHU5hxF8BPT0LKW8gjYLhq1DQIcneOX/pL/m2Alo+OYDQAJlHq+yseMP50Os2nHXOSic6Ss3vSQeyf4A==
  /braces/3.0.2:
    dependencies:
      fill-range: 7.0.1
    dev: false
    engines:
      node: '>=8'
    resolution:
      integrity: sha512-b8um+L1RzM3WDSzvhm6gIz1yfTbBt6YTlcEKAvsmqCZZFw46z626lVj9j1yEPW33H5H+lBQpZMP1k8l+78Ha0A==
  /buffer-equal-constant-time/1.0.1:
    dev: false
    resolution:
      integrity: sha1-+OcRMvf/5uAaXJaXpMbz5I1cyBk=
  /chokidar/3.4.0:
    dependencies:
      anymatch: 3.1.1
      braces: 3.0.2
      glob-parent: 5.1.1
      is-binary-path: 2.1.0
      is-glob: 4.0.1
      normalize-path: 3.0.0
      readdirp: 3.4.0
    dev: false
    engines:
      node: '>= 8.10.0'
    optionalDependencies:
      fsevents: 2.1.3
    resolution:
      integrity: sha512-aXAaho2VJtisB/1fg1+3nlLJqGOuewTzQpd/Tz0yTg2R0e4IGtshYvtjowyEumcBv2z+y4+kc75Mz7j5xJskcQ==
  /combined-stream/1.0.8:
    dependencies:
      delayed-stream: 1.0.0
    dev: false
    engines:
      node: '>= 0.8'
    resolution:
      integrity: sha512-FQN4MRfuJeHf7cBbBMJFXhKSDq+2kAArBlmRBvcvFE5BB1HZKXtSFASDhdlz9zOYwxh8lDdnvmMOe/+5cdoEdg==
  /cross-env/6.0.3:
    dependencies:
      cross-spawn: 7.0.2
    dev: false
    engines:
      node: '>=8.0'
    hasBin: true
    resolution:
      integrity: sha512-+KqxF6LCvfhWvADcDPqo64yVIB31gv/jQulX2NGzKS/g3GEVz6/pt4wjHFtFWsHMddebWD/sDthJemzM4MaAag==
  /cross-spawn/7.0.2:
    dependencies:
      path-key: 3.1.1
      shebang-command: 2.0.0
      which: 2.0.2
    dev: false
    engines:
      node: '>= 8'
    resolution:
      integrity: sha512-PD6G8QG3S4FK/XCGFbEQrDqO2AnMMsy0meR7lerlIOHAAbkuavGU/pOqprrlvfTNjvowivTeBsjebAL0NSoMxw==
  /date-format/2.1.0:
    dev: false
    engines:
      node: '>=4.0'
    resolution:
      integrity: sha512-bYQuGLeFxhkxNOF3rcMtiZxvCBAquGzZm6oWA1oZ0g2THUzivaRhv8uOhdr19LmoobSOLoIAxeUK2RdbM8IFTA==
  /date-format/3.0.0:
    dev: false
    engines:
      node: '>=4.0'
    resolution:
      integrity: sha512-eyTcpKOcamdhWJXj56DpQMo1ylSQpcGtGKXcU0Tb97+K56/CF5amAqqqNj0+KvA0iw2ynxtHWFsPDSClCxe48w==
  /debug/4.1.1:
    dependencies:
      ms: 2.1.2
    dev: false
    resolution:
      integrity: sha512-pYAIzeRo8J6KPEaJ0VWOh5Pzkbw/RetuzehGM7QRRX5he4fPHx2rdKMB256ehJCkX+XRQm16eZLqLNS8RSZXZw==
  /delayed-stream/1.0.0:
    dev: false
    engines:
      node: '>=0.4.0'
    resolution:
      integrity: sha1-3zrhmayt+31ECqrgsp4icrJOxhk=
  /ecdsa-sig-formatter/1.0.11:
    dependencies:
      safe-buffer: 5.2.1
    dev: false
    resolution:
      integrity: sha512-nagl3RYrbNv6kQkeJIpt6NJZy8twLB/2vtz6yN9Z4vRKHN4/QZJIEbqohALSgwKdnksuY3k5Addp5lg8sVoVcQ==
  /esm/3.2.25:
    dev: false
    engines:
      node: '>=6'
    resolution:
      integrity: sha512-U1suiZ2oDVWv4zPO56S0NcR5QriEahGtdN2OR6FiOG4WJvcjBVFB0qI4+eKoWFH483PKGuLuu6V8Z4T5g63UVA==
  /events/3.1.0:
    dev: false
    engines:
      node: '>=0.8.x'
    resolution:
      integrity: sha512-Rv+u8MLHNOdMjTAFeT3nCjHn2aGlx435FP/sDHNaRhDEMwyI/aB22Kj2qIN8R0cw3z28psEQLYwxVKLsKrMgWg==
  /fill-range/7.0.1:
    dependencies:
      to-regex-range: 5.0.1
    dev: false
    engines:
      node: '>=8'
    resolution:
      integrity: sha512-qOo9F+dMUmC2Lcb4BbVvnKJxTPjCm+RRpe4gDuGrzkL7mEVl/djYSu2OdQ2Pa302N4oqkSg9ir6jaLWJ2USVpQ==
  /flatted/2.0.2:
    dev: false
    resolution:
      integrity: sha512-r5wGx7YeOwNWNlCA0wQ86zKyDLMQr+/RB8xy74M4hTphfmjlijTSSXGuH8rnvKZnfT9i+75zmd8jcKdMR4O6jA==
  /form-data/3.0.0:
    dependencies:
      asynckit: 0.4.0
      combined-stream: 1.0.8
      mime-types: 2.1.27
    dev: false
    engines:
      node: '>= 6'
    resolution:
      integrity: sha512-CKMFDglpbMi6PyN+brwB9Q/GOw0eAnsrEZDgcsH5Krhz5Od/haKHAX0NmQfha2zPPz0JpWzA7GJHGSnvCRLWsg==
  /fs-extra/8.1.0:
    dependencies:
      graceful-fs: 4.2.4
      jsonfile: 4.0.0
      universalify: 0.1.2
    dev: false
    engines:
      node: '>=6 <7 || >=8'
    resolution:
      integrity: sha512-yhlQgA6mnOJUKOsRUFsgJdQCvkKhcz8tlZG5HBQfReYZy46OwLcY+Zia0mtdHsOo9y/hP+CxMN0TU9QxoOtG4g==
  /fs-extra/9.0.0:
    dependencies:
      at-least-node: 1.0.0
      graceful-fs: 4.2.4
      jsonfile: 6.0.1
      universalify: 1.0.0
    dev: false
    engines:
      node: '>=10'
    resolution:
      integrity: sha512-pmEYSk3vYsG/bF651KPUXZ+hvjpgWYw/Gc7W9NFUe3ZVLczKKWIij3IKpOrQcdw4TILtibFslZ0UmR8Vvzig4g==
  /fsevents/2.1.3:
    dev: false
    engines:
      node: ^8.16.0 || ^10.6.0 || >=11.0.0
    optional: true
    os:
      - darwin
    resolution:
      integrity: sha512-Auw9a4AxqWpa9GUfj370BMPzzyncfBABW8Mab7BGWBYDj4Isgq+cDKtx0i6u9jcX9pQDnswsaaOTgTmA5pEjuQ==
  /glob-parent/5.1.1:
    dependencies:
      is-glob: 4.0.1
    dev: false
    engines:
      node: '>= 6'
    resolution:
      integrity: sha512-FnI+VGOpnlGHWZxthPGR+QhR78fuiK0sNLkHQv+bL9fQi57lNNdquIbna/WrfROrolq8GK5Ek6BiMwqL/voRYQ==
  /graceful-fs/4.2.4:
    dev: false
    resolution:
      integrity: sha512-WjKPNJF79dtJAVniUlGGWHYGz2jWxT6VhN/4m1NdkbZ2nOsEF+cI1Edgql5zCRhs/VsQYRvrXctxktVXZUkixw==
  /inherits/2.0.4:
    dev: false
    resolution:
      integrity: sha512-k/vGaX4/Yla3WzyMCvTQOXYeIHvqOKtnqBduzTHpzpQZzAskKMhZ2K+EnBiSM9zGSoIFeMpXKxa4dYeZIQqewQ==
  /ip-regex/2.1.0:
    dev: false
    engines:
      node: '>=4'
    resolution:
      integrity: sha1-+ni/XS5pE8kRzp+BnuUUa7bYROk=
  /is-binary-path/2.1.0:
    dependencies:
      binary-extensions: 2.0.0
    dev: false
    engines:
      node: '>=8'
    resolution:
      integrity: sha512-ZMERYes6pDydyuGidse7OsHxtbI7WVeUEozgR/g7rd0xUimYNlvZRE/K2MgZTjWy725IfelLeVcEM97mmtRGXw==
  /is-extglob/2.1.1:
    dev: false
    engines:
      node: '>=0.10.0'
    resolution:
      integrity: sha1-qIwCU1eR8C7TfHahueqXc8gz+MI=
  /is-glob/4.0.1:
    dependencies:
      is-extglob: 2.1.1
    dev: false
    engines:
      node: '>=0.10.0'
    resolution:
      integrity: sha512-5G0tKtBTFImOqDnLB2hG6Bp2qcKEFduo4tZu9MT/H6NQv/ghhy30o55ufafxJ/LdH79LLs2Kfrn85TLKyA7BUg==
  /is-number/7.0.0:
    dev: false
    engines:
      node: '>=0.12.0'
    resolution:
      integrity: sha512-41Cifkg6e8TylSpdtTpeLVMqvSBEVzTttHvERD741+pnZ8ANv0004MRL43QKPDlK9cGvNp6NZWZUBlbGXYxxng==
  /isexe/2.0.0:
    dev: false
    resolution:
      integrity: sha1-6PvzdNxVb/iUehDcsFctYz8s+hA=
  /jsonfile/4.0.0:
    dev: false
    optionalDependencies:
      graceful-fs: 4.2.4
    resolution:
      integrity: sha1-h3Gq4HmbZAdrdmQPygWPnBDjPss=
  /jsonfile/6.0.1:
    dependencies:
      universalify: 1.0.0
    dev: false
    optionalDependencies:
      graceful-fs: 4.2.4
    resolution:
      integrity: sha512-jR2b5v7d2vIOust+w3wtFKZIfpC2pnRmFAhAC/BuweZFQR8qZzxH1OyrQ10HmdVYiXWkYUqPVsz91cG7EL2FBg==
  /jwa/1.4.1:
    dependencies:
      buffer-equal-constant-time: 1.0.1
      ecdsa-sig-formatter: 1.0.11
      safe-buffer: 5.2.1
    dev: false
    resolution:
      integrity: sha512-qiLX/xhEEFKUAJ6FiBMbes3w9ATzyk5W7Hvzpa/SLYdxNtng+gcurvrI7TbACjIXlsJyr05/S1oUhZrc63evQA==
  /jws/3.2.2:
    dependencies:
      jwa: 1.4.1
      safe-buffer: 5.2.1
    dev: false
    resolution:
      integrity: sha512-YHlZCB6lMTllWDtSPHz/ZXTsi8S00usEV6v1tjq8tOUZzw7DpSDWVXjXDre6ed1w/pd495ODpHZYSdkRTsa0HA==
  /log4js/6.2.1:
    dependencies:
      date-format: 3.0.0
      debug: 4.1.1
      flatted: 2.0.2
      rfdc: 1.1.4
      streamroller: 2.2.4
    dev: false
    engines:
      node: '>=8.0'
    resolution:
      integrity: sha512-7n+Oqxxz7VcQJhIlqhcYZBTpbcQ7XsR0MUIfJkx/n3VUjkAS4iUr+4UJlhxf28RvP9PMGQXbgTUhLApnu0XXgA==
  /mime-db/1.44.0:
    dev: false
    engines:
      node: '>= 0.6'
    resolution:
      integrity: sha512-/NOTfLrsPBVeH7YtFPgsVWveuL+4SjjYxaQ1xtM1KMFj7HdxlBlxeyNLzhyJVx7r4rZGJAZ/6lkKCitSc/Nmpg==
  /mime-types/2.1.27:
    dependencies:
      mime-db: 1.44.0
    dev: false
    engines:
      node: '>= 0.6'
    resolution:
      integrity: sha512-JIhqnCasI9yD+SsmkquHBxTSEuZdQX5BuQnS2Vc7puQQQ+8yiP5AY5uWhpdv4YL4VM5c6iliiYWPgJ/nJQLp7w==
  /ms/2.1.2:
    dev: false
    resolution:
      integrity: sha512-sGkPx+VjMtmA6MX27oA4FBFELFCZZ4S4XqeGOXCv68tT+jb3vk/RyaKWP0PTKyWtmLSM0b+adUTEvbs1PEaH2w==
  /msal/1.3.1:
    dependencies:
      tslib: 1.12.0
    dev: false
    engines:
      node: '>=0.8.0'
    resolution:
      integrity: sha512-xfnn8k3GCTmNV571R8Sy0zeLIrpoMB/10MRG1XkeoiFNIQKY19ncq3isZNCRCMDMRy2qa/vd8exYEhK9EPLHIg==
  /node-fetch/2.6.0:
    dev: false
    engines:
      node: 4.x || >=6.0.0
    resolution:
      integrity: sha512-8dG4H5ujfvFiqDmVu9fQ5bOHUC15JMjMY/Zumv26oOvvVJjM67KF8koCWIabKQ1GJIa9r2mMZscBq/TbdOcmNA==
  /normalize-path/3.0.0:
    dev: false
    engines:
      node: '>=0.10.0'
    resolution:
      integrity: sha512-6eZs5Ls3WtCisHWp9S2GUy8dqkpGi4BVSz3GaqiE6ezub0512ESztXUwUB6C6IKbQkY2Pnb/mD4WYojCRwcwLA==
  /path-key/3.1.1:
    dev: false
    engines:
      node: '>=8'
    resolution:
      integrity: sha512-ojmeN0qd+y0jszEtoY48r0Peq5dwMEkIlCOu6Q5f41lfkswXuKtYrhgoTpLnyIcHm24Uhqx+5Tqm2InSwLhE6Q==
  /picomatch/2.2.2:
    dev: false
    engines:
      node: '>=8.6'
    resolution:
      integrity: sha512-q0M/9eZHzmr0AulXyPwNfZjtwZ/RBZlbN3K3CErVrk50T2ASYI7Bye0EvekFY3IP1Nt2DHu0re+V2ZHIpMkuWg==
  /process/0.11.10:
    dev: false
    engines:
      node: '>= 0.6.0'
    resolution:
      integrity: sha1-czIwDoQBYb2j5podHZGn1LwW8YI=
  /psl/1.8.0:
    dev: false
    resolution:
      integrity: sha512-RIdOzyoavK+hA18OGGWDqUTsCLhtA7IcZ/6NCs4fFJaHBDab+pDDmDIByWFRQJq2Cd7r1OoQxBGKOaztq+hjIQ==
  /punycode/2.1.1:
    dev: false
    engines:
      node: '>=6'
    resolution:
      integrity: sha512-XRsRjdf+j5ml+y/6GKHPZbrF/8p2Yga0JPtdqTIY2Xe5ohJPD9saDJJLPvp9+NSBprVvevdXZybnj2cv8OEd0A==
  /qs/6.9.4:
    dev: false
    engines:
      node: '>=0.6'
    resolution:
      integrity: sha512-A1kFqHekCTM7cz0udomYUoYNWjBebHm/5wzU/XqrBRBNWectVH0QIiN+NEcZ0Dte5hvzHwbr8+XQmguPhJ6WdQ==
  /readable-stream/3.6.0:
    dependencies:
      inherits: 2.0.4
      string_decoder: 1.3.0
      util-deprecate: 1.0.2
    dev: false
    engines:
      node: '>= 6'
    resolution:
      integrity: sha512-BViHy7LKeTz4oNnkcLJ+lVSL6vpiFeX6/d3oSH8zCW7UxP2onchk+vTGB143xuFjHS3deTgkKoXXymXqymiIdA==
  /readdirp/3.4.0:
    dependencies:
      picomatch: 2.2.2
    dev: false
    engines:
      node: '>=8.10.0'
    resolution:
      integrity: sha512-0xe001vZBnJEK+uKcj8qOhyAKPzIT+gStxWr3LCB0DwcXR5NZJ3IaC+yGnHCYzB/S7ov3m3EEbZI2zeNvX+hGQ==
  /rfdc/1.1.4:
    dev: false
    resolution:
      integrity: sha512-5C9HXdzK8EAqN7JDif30jqsBzavB7wLpaubisuQIGHWf2gUXSpzy6ArX/+Da8RjFpagWsCn+pIgxTMAmKw9Zug==
  /safe-buffer/5.2.1:
    dev: false
    resolution:
      integrity: sha512-rp3So07KcdmmKbGvgaNxQSJr7bGVSVk5S9Eq1F+ppbRo70+YeaDxkw5Dd8NPN+GD6bjnYm2VuPuCXmpuYvmCXQ==
  /sax/1.2.4:
    dev: false
    resolution:
      integrity: sha512-NqVDv9TpANUjFm0N8uM5GxL36UgKi9/atZw+x7YFnQ8ckwFGKrl4xX4yWtrey3UJm5nP1kUbnYgLopqWNSRhWw==
  /shebang-command/2.0.0:
    dependencies:
      shebang-regex: 3.0.0
    dev: false
    engines:
      node: '>=8'
    resolution:
      integrity: sha512-kHxr2zZpYtdmrN1qDjrrX/Z1rR1kG8Dx+gkpK1G4eXmvXswmcE1hTWBWYUzlraYw1/yZp6YuDY77YtvbN0dmDA==
  /shebang-regex/3.0.0:
    dev: false
    engines:
      node: '>=8'
    resolution:
      integrity: sha512-7++dFhtcx3353uBaq8DDR4NuxBetBzC7ZQOhmTQInHEd6bSrXdiEyzCvG07Z44UYdLShWUyXt5M/yhz8ekcb1A==
  /streamroller/2.2.4:
    dependencies:
      date-format: 2.1.0
      debug: 4.1.1
      fs-extra: 8.1.0
    dev: false
    engines:
      node: '>=8.0'
    resolution:
      integrity: sha512-OG79qm3AujAM9ImoqgWEY1xG4HX+Lw+yY6qZj9R1K2mhF5bEmQ849wvrb+4vt4jLMLzwXttJlQbOdPOQVRv7DQ==
  /string_decoder/1.3.0:
    dependencies:
      safe-buffer: 5.2.1
    dev: false
    resolution:
      integrity: sha512-hkRX8U1WjJFd8LsDJ2yQ/wWWxaopEsABU1XfkM8A+j0+85JAGppt16cr1Whg6KIbb4okU6Mql6BOj+uup/wKeA==
  /to-regex-range/5.0.1:
    dependencies:
      is-number: 7.0.0
    dev: false
    engines:
      node: '>=8.0'
    resolution:
      integrity: sha512-65P7iz6X5yEr1cwcgvQxbbIw7Uk3gOy5dIdtZ4rDveLqhrdJP+Li/Hx6tyK0NEb+2GCyneCMJiGqrADCSNk8sQ==
  /tough-cookie/3.0.1:
    dependencies:
      ip-regex: 2.1.0
      psl: 1.8.0
      punycode: 2.1.1
    dev: false
    engines:
      node: '>=6'
    resolution:
      integrity: sha512-yQyJ0u4pZsv9D4clxO69OEjLWYw+jbgspjTue4lTQZLfV0c5l1VmK2y1JK8E9ahdpltPOaAThPcp5nKPUgSnsg==
  /tslib/1.12.0:
    dev: false
    resolution:
      integrity: sha512-5rxCQkP0kytf4H1T4xz1imjxaUUPMvc5aWp0rJ/VMIN7ClRiH1FwFvBt8wOeMasp/epeUnmSW6CixSIePtiLqA==
  /tunnel/0.0.6:
    dev: false
    engines:
      node: '>=0.6.11 <=0.7.0 || >=0.7.3'
    resolution:
      integrity: sha512-1h/Lnq9yajKY2PEbBadPXj3VxsDDu844OnaAo52UVmIzIvwwtBPIuNvkjuzBlTWpfJyUbG3ez0KSBibQkj4ojg==
  /universalify/0.1.2:
    dev: false
    engines:
      node: '>= 4.0.0'
    resolution:
      integrity: sha512-rBJeI5CXAlmy1pV+617WB9J63U6XcazHHF2f2dbJix4XzpUF0RS3Zbj0FGIOCAva5P/d/GBOYaACQ1w+0azUkg==
  /universalify/1.0.0:
    dev: false
    engines:
      node: '>= 10.0.0'
    resolution:
      integrity: sha512-rb6X1W158d7pRQBg5gkR8uPaSfiids68LTJQYOtEUhoJUWBdaQHsuT/EUduxXYxcrt4r5PJ4fuHW1MHT6p0qug==
  /util-deprecate/1.0.2:
    dev: false
    resolution:
      integrity: sha1-RQ1Nyfpw3nMnYvvS1KKJgUGaDM8=
  /uuid/3.4.0:
    dev: false
    hasBin: true
    resolution:
      integrity: sha512-HjSDRw6gZE5JMggctHBcjVak08+KEVhSIiDzFnT9S9aegmp85S/bReBVTb4QTFaRNptJ9kuYaNhnbNEOkbKb/A==
  /which/2.0.2:
    dependencies:
      isexe: 2.0.0
    dev: false
    engines:
      node: '>= 8'
    hasBin: true
    resolution:
      integrity: sha512-BLI3Tl1TW3Pvl70l3yq3Y64i+awpwXqsGBYWkkqMtnbXgrMD+yj7rhW0kuEDxzJaYXGjEW5ogapKNMEKNMjibA==
  /xml2js/0.4.23:
    dependencies:
      sax: 1.2.4
      xmlbuilder: 11.0.1
    dev: false
    engines:
      node: '>=4.0.0'
    resolution:
      integrity: sha512-ySPiMjM0+pLDftHgXY4By0uswI3SPKLDw/i3UXbnO8M/p28zqexCUoPmQFrYD+/1BzhGJSs2i1ERWKJAtiLrug==
  /xmlbuilder/11.0.1:
    dev: false
    engines:
      node: '>=4.0'
    resolution:
      integrity: sha512-fDlsI/kFEx7gLvbecc0/ohLG50fugQp8ryHzMTuW9vSa1GJ0XYWKnhsUx7oie3G98+r56aTQIUB4kht42R3JvA==
specifiers:
  '@azure/identity': ^1.0.3
  '@azure/keyvault-certificates': ^4.0.0
  '@types/node': ^14.0.1
  await-spawn: ^3.0.0
  chokidar: ^3.4.0
  esm: ^3.2.25
  fs-extra: ^9.0.0
  log4js: ^6.2.1
